
Microsoft Visual Studio Solution File, Format Version 12.00
Project("{FAE04EC0-301F-11D3-BF4B-00C04F79EFBC}") = "pr2", "pr2\pr2.csproj", "{B153C024-5131-487C-91C4-CFD7C3DC9D7B}"
EndProject
Project("{FAE04EC0-301F-11D3-BF4B-00C04F79EFBC}") = "pr2.Tests", "pr2.Tests\pr2.Tests.csproj", "{1BF6734B-9187-470C-86E0-ED91777D556B}"
EndProject
Global
	GlobalSection(SolutionConfigurationPlatforms) = preSolution
		Debug|Any CPU = Debug|Any CPU
		Release|Any CPU = Release|Any CPU
	EndGlobalSection
	GlobalSection(ProjectConfigurationPlatforms) = postSolution
		{B153C024-5131-487C-91C4-CFD7C3DC9D7B}.Debug|Any CPU.ActiveCfg = Debug|Any CPU
		{B153C024-5131-487C-91C4-CFD7C3DC9D7B}.Debug|Any CPU.Build.0 = Debug|Any CPU
		{B153C024-5131-487C-91C4-CFD7C3DC9D7B}.Release|Any CPU.ActiveCfg = Release|Any CPU
		{B153C024-5131-487C-91C4-CFD7C3DC9D7B}.Release|Any CPU.Build.0 = Release|Any CPU
		{1BF6734B-9187-470C-86E0-ED91777D556B}.Debug|Any CPU.ActiveCfg = Debug|Any CPU
		{1BF6734B-9187-470C-86E0-ED91777D556B}.Debug|Any CPU.Build.0 = Debug|Any CPU
		{1BF6734B-9187-470C-86E0-ED91777D556B}.Release|Any CPU.ActiveCfg = Release|Any CPU
		{1BF6734B-9187-470C-86E0-ED91777D556B}.Release|Any CPU.Build.0 = Release|Any CPU
	EndGlobalSection
EndGlobal
